
Microsoft Visual Studio Solution File, Format Version 10.00
# Visual Studio 2008
Project("{8BC9CEB8-8B4A-11D0-8D11-00A0C91BC942}") = "dump", "dump\dump.vcproj", "{3F72B1C7-6098-478D-924E-A9C6FF5202A5}"
EndProject
Project("{8BC9CEB8-8B4A-11D0-8D11-00A0C91BC942}") = "Macors_CMD_Dump", "Macors_CMD_Dump\Macors_CMD_Dump.vcproj", "{695E9F81-63B6-4321-A3A8-E5C5A933D043}"
EndProject
Global
	GlobalSection(SolutionConfigurationPlatforms) = preSolution
		Debug|Win32 = Debug|Win32
		Release|Win32 = Release|Win32
	EndGlobalSection
	GlobalSection(ProjectConfigurationPlatforms) = postSolution
		{3F72B1C7-6098-478D-924E-A9C6FF5202A5}.Debug|Win32.ActiveCfg = Debug|Win32
		{3F72B1C7-6098-478D-924E-A9C6FF5202A5}.Debug|Win32.Build.0 = Debug|Win32
		{3F72B1C7-6098-478D-924E-A9C6FF5202A5}.Release|Win32.ActiveCfg = Release|Win32
		{3F72B1C7-6098-478D-924E-A9C6FF5202A5}.Release|Win32.Build.0 = Release|Win32
		{695E9F81-63B6-4321-A3A8-E5C5A933D043}.Debug|Win32.ActiveCfg = Debug|Win32
		{695E9F81-63B6-4321-A3A8-E5C5A933D043}.Debug|Win32.Build.0 = Debug|Win32
		{695E9F81-63B6-4321-A3A8-E5C5A933D043}.Release|Win32.ActiveCfg = Release|Win32
		{695E9F81-63B6-4321-A3A8-E5C5A933D043}.Release|Win32.Build.0 = Release|Win32
	EndGlobalSection
	GlobalSection(SolutionProperties) = preSolution
		HideSolutionNode = FALSE
	EndGlobalSection
EndGlobal
